{
  "name": "source",
  "version": "1.0.0",
  "lockfileVersion": 1,
  "dependencies": {
    "after": {
      "version": "0.8.2",
      "resolved": "https://registry.npmjs.org/after/-/after-0.8.2.tgz",
      "integrity": "sha1-/ts5T58OAqqXaOcCvaI7UF+ufh8="
    },
    "ajv": {
      "version": "4.11.8",
      "resolved": "https://registry.npmjs.org/ajv/-/ajv-4.11.8.tgz",
      "integrity": "sha1-gv+wKynmYq5TvcIK8VlHcGc5xTY="
    },
    "ap": {
      "version": "0.2.0",
      "resolved": "https://registry.npmjs.org/ap/-/ap-0.2.0.tgz",
      "integrity": "sha1-rglCYAspkS8NKxTsYMRejzMLYRA="
    },
    "archy": {
      "version": "https://registry.npmjs.org/archy/-/archy-1.0.0.tgz",
      "integrity": "sha1-+cjBN1fMHde8N5rHeyxipcKGjEA="
    },
    "array.prototype.findindex": {
      "version": "2.0.2",
      "resolved": "https://registry.npmjs.org/array.prototype.findindex/-/array.prototype.findindex-2.0.2.tgz",
      "integrity": "sha1-WAaNJYh+9QXknckssAxE3O5VsGc="
    },
    "arraybuffer.slice": {
      "version": "0.0.6",
      "resolved": "https://registry.npmjs.org/arraybuffer.slice/-/arraybuffer.slice-0.0.6.tgz",
      "integrity": "sha1-8zshWfBTKj8xB6JywMz70a0peco="
    },
    "asn1": {
      "version": "0.2.3",
      "resolved": "https://registry.npmjs.org/asn1/-/asn1-0.2.3.tgz",
      "integrity": "sha1-2sh4dxPJlmhJ/IGAd36+nB3fO4Y="
    },
    "assert-plus": {
      "version": "0.2.0",
      "resolved": "https://registry.npmjs.org/assert-plus/-/assert-plus-0.2.0.tgz",
      "integrity": "sha1-104bh+ev/A24qttwIfP+SBAasjQ="
    },
    "asynckit": {
      "version": "0.4.0",
      "resolved": "https://registry.npmjs.org/asynckit/-/asynckit-0.4.0.tgz",
      "integrity": "sha1-x57Zf380y48robyXkLzDZkdLS3k="
    },
    "aws-sign2": {
      "version": "0.6.0",
      "resolved": "https://registry.npmjs.org/aws-sign2/-/aws-sign2-0.6.0.tgz",
      "integrity": "sha1-FDQt0428yU0OW4fXY81jYSwOeU8="
    },
    "aws4": {
      "version": "1.6.0",
      "resolved": "https://registry.npmjs.org/aws4/-/aws4-1.6.0.tgz",
      "integrity": "sha1-g+9cqGCysy5KDe7e6MdxudtXRx4="
    },
    "backo2": {
      "version": "1.0.2",
      "resolved": "https://registry.npmjs.org/backo2/-/backo2-1.0.2.tgz",
      "integrity": "sha1-MasayLEpNjRj41s+u2n038+6eUc="
    },
    "backoff": {
      "version": "https://registry.npmjs.org/backoff/-/backoff-2.5.0.tgz",
      "integrity": "sha1-9hbtqdPktmuMp/ynn2lXIsX44m8="
    },
    "base64-arraybuffer": {
      "version": "0.1.5",
      "resolved": "https://registry.npmjs.org/base64-arraybuffer/-/base64-arraybuffer-0.1.5.tgz",
      "integrity": "sha1-c5JncZI7Whl0etZmqlzUv5xunOg="
    },
    "bcrypt-pbkdf": {
      "version": "1.0.1",
      "resolved": "https://registry.npmjs.org/bcrypt-pbkdf/-/bcrypt-pbkdf-1.0.1.tgz",
      "integrity": "sha1-Y7xdy2EzG5K8Bf1SiVPDNGKgb40=",
      "optional": true
    },
    "better-assert": {
      "version": "1.0.2",
      "resolved": "https://registry.npmjs.org/better-assert/-/better-assert-1.0.2.tgz",
      "integrity": "sha1-QIZrnhueC1W0gYlDEeaPr/rrxSI="
    },
    "bl": {
      "version": "1.2.1",
      "resolved": "https://registry.npmjs.org/bl/-/bl-1.2.1.tgz",
      "integrity": "sha1-ysMo977kVzDUBLaSID/LWQ4XLV4=",
      "dependencies": {
        "isarray": {
          "version": "1.0.0",
          "resolved": "https://registry.npmjs.org/isarray/-/isarray-1.0.0.tgz",
          "integrity": "sha1-u5NdSFgsuhaMBoNJV6VKPgcSTxE="
        },
        "readable-stream": {
          "version": "2.2.11",
          "resolved": "https://registry.npmjs.org/readable-stream/-/readable-stream-2.2.11.tgz",
          "integrity": "sha512-h+8+r3MKEhkiVrwdKL8aWs1oc1VvBu33ueshOvS26RsZQ3Amhx/oO3TKe4lApSV9ueY6as8EAh7mtuFjdlhg9Q=="
        },
        "string_decoder": {
          "version": "1.0.2",
          "resolved": "https://registry.npmjs.org/string_decoder/-/string_decoder-1.0.2.tgz",
          "integrity": "sha1-sp4fThEl+pehA4K4pTNze3SR4Xk="
        }
      }
    },
    "blob": {
      "version": "0.0.4",
      "resolved": "https://registry.npmjs.org/blob/-/blob-0.0.4.tgz",
      "integrity": "sha1-vPEwUspURj8w+fx+lbmkdjCpSSE="
    },
    "bluebird": {
      "version": "3.5.0",
      "resolved": "https://registry.npmjs.org/bluebird/-/bluebird-3.5.0.tgz",
      "integrity": "sha1-eRQg1/VR7qKJdFOop3ZT+WYG1nw="
    },
    "boom": {
      "version": "https://registry.npmjs.org/boom/-/boom-3.2.2.tgz",
      "integrity": "sha1-DwzF0ErcUAO4x9cfQsynJx/vDng="
    },
    "buffer-writer": {
      "version": "1.0.1",
      "resolved": "https://registry.npmjs.org/buffer-writer/-/buffer-writer-1.0.1.tgz",
      "integrity": "sha1-Iqk2kB4wKa/NdUfrRIfOtpejvwg="
    },
    "callsite": {
      "version": "1.0.0",
      "resolved": "https://registry.npmjs.org/callsite/-/callsite-1.0.0.tgz",
      "integrity": "sha1-KAOY5dZkvXQDi28JBRU+borxvCA="
    },
    "caseless": {
      "version": "0.12.0",
      "resolved": "https://registry.npmjs.org/caseless/-/caseless-0.12.0.tgz",
      "integrity": "sha1-G2gcIf+EAzyCZUMJBolCDRhxUdw="
    },
    "co": {
      "version": "4.6.0",
      "resolved": "https://registry.npmjs.org/co/-/co-4.6.0.tgz",
      "integrity": "sha1-bqa989hTrlTMuOR7+gvz+QMfsYQ="
    },
    "combined-stream": {
      "version": "1.0.5",
      "resolved": "https://registry.npmjs.org/combined-stream/-/combined-stream-1.0.5.tgz",
      "integrity": "sha1-k4NwpXtKUd6ix3wV1cX9+JUWQAk="
    },
    "component-bind": {
      "version": "1.0.0",
      "resolved": "https://registry.npmjs.org/component-bind/-/component-bind-1.0.0.tgz",
      "integrity": "sha1-AMYIq33Nk4l8AAllGx06jh5zu9E="
    },
    "component-emitter": {
      "version": "1.2.1",
      "resolved": "https://registry.npmjs.org/component-emitter/-/component-emitter-1.2.1.tgz",
      "integrity": "sha1-E3kY1teCg/ffemt8WmPhQOaUJeY="
    },
    "component-inherit": {
      "version": "0.0.3",
      "resolved": "https://registry.npmjs.org/component-inherit/-/component-inherit-0.0.3.tgz",
      "integrity": "sha1-ZF/ErfWLcrZJ1crmUTVhnbJv8UM="
    },
    "core-util-is": {
      "version": "https://registry.npmjs.org/core-util-is/-/core-util-is-1.0.2.tgz",
      "integrity": "sha1-tf1UIgqivFq1eqtxQMlAdUUDwac="
    },
    "cryptiles": {
      "version": "2.0.5",
      "resolved": "https://registry.npmjs.org/cryptiles/-/cryptiles-2.0.5.tgz",
      "integrity": "sha1-O9/s3GCBR8HGcgL6KR59ylnqo7g=",
      "dependencies": {
        "boom": {
          "version": "2.10.1",
          "resolved": "https://registry.npmjs.org/boom/-/boom-2.10.1.tgz",
          "integrity": "sha1-OciRjO/1eZ+D+UkqhI9iWt0Mdm8="
        },
        "hoek": {
          "version": "2.16.3",
          "resolved": "https://registry.npmjs.org/hoek/-/hoek-2.16.3.tgz",
          "integrity": "sha1-ILt0A9POo5jpHcRxCo/xuCdKJe0="
        }
      }
    },
    "dashdash": {
      "version": "1.14.1",
      "resolved": "https://registry.npmjs.org/dashdash/-/dashdash-1.14.1.tgz",
      "integrity": "sha1-hTz6D3y+L+1d4gMmuN1YEDX24vA=",
      "dependencies": {
        "assert-plus": {
          "version": "1.0.0",
          "resolved": "https://registry.npmjs.org/assert-plus/-/assert-plus-1.0.0.tgz",
          "integrity": "sha1-8S4PPF13sLHN2RRpQuTpbB5N1SU="
        }
      }
    },
    "debug": {
      "version": "2.6.8",
      "resolved": "https://registry.npmjs.org/debug/-/debug-2.6.8.tgz",
      "integrity": "sha1-5zFTHKLt4n0YgiJCfaF4IdaP9Pw="
    },
    "define-properties": {
      "version": "1.1.2",
      "resolved": "https://registry.npmjs.org/define-properties/-/define-properties-1.1.2.tgz",
      "integrity": "sha1-g6c/L+pWmJj7c3GTyPhzyvbUXJQ="
    },
    "delayed-stream": {
      "version": "1.0.0",
      "resolved": "https://registry.npmjs.org/delayed-stream/-/delayed-stream-1.0.0.tgz",
      "integrity": "sha1-3zrhmayt+31ECqrgsp4icrJOxhk="
    },
    "depd": {
      "version": "1.1.0",
      "resolved": "https://registry.npmjs.org/depd/-/depd-1.1.0.tgz",
      "integrity": "sha1-4b2Cxqq2ztlluXuIsX7T5SjKGMM="
    },
    "ecc-jsbn": {
      "version": "0.1.1",
      "resolved": "https://registry.npmjs.org/ecc-jsbn/-/ecc-jsbn-0.1.1.tgz",
      "integrity": "sha1-D8c6ntXw1Tw4GTOYUj735UN3dQU=",
      "optional": true
    },
    "end-of-stream": {
      "version": "1.4.0",
      "resolved": "https://registry.npmjs.org/end-of-stream/-/end-of-stream-1.4.0.tgz",
      "integrity": "sha1-epDYM+/abPpurA9JSduw+tOmMgY="
    },
    "engine.io-client": {
      "version": "3.1.1",
      "resolved": "https://registry.npmjs.org/engine.io-client/-/engine.io-client-3.1.1.tgz",
      "integrity": "sha1-QVqYUrrbFPoAj6PvHjFgjbZ2EyU="
    },
    "engine.io-parser": {
      "version": "2.1.1",
      "resolved": "https://registry.npmjs.org/engine.io-parser/-/engine.io-parser-2.1.1.tgz",
      "integrity": "sha1-4Ps/DgRi9/WLt3waUun1p+JuRmg="
    },
    "eraro": {
      "version": "https://registry.npmjs.org/eraro/-/eraro-0.4.1.tgz",
      "integrity": "sha1-ZThzB2mh6J/8Pwx+LJTVofhmYp0=",
      "dependencies": {
        "lodash": {
          "version": "https://registry.npmjs.org/lodash/-/lodash-2.4.2.tgz",
          "integrity": "sha1-+t2DS5aDBz2hebPq5tnA0VBT9z4="
        }
      }
    },
    "es-abstract": {
      "version": "1.7.0",
      "resolved": "https://registry.npmjs.org/es-abstract/-/es-abstract-1.7.0.tgz",
      "integrity": "sha1-363ndOAb/Nl/lhgCmMRJyGI/uUw="
    },
    "es-to-primitive": {
      "version": "1.1.1",
      "resolved": "https://registry.npmjs.org/es-to-primitive/-/es-to-primitive-1.1.1.tgz",
      "integrity": "sha1-RTVSSKiJeQNLZ5Lhm7gfK3l13Q0="
    },
    "eventemitter3": {
      "version": "2.0.3",
      "resolved": "https://registry.npmjs.org/eventemitter3/-/eventemitter3-2.0.3.tgz",
      "integrity": "sha1-teEHm1n7XhuidxwKmTvgYKWMmbo="
    },
    "extend": {
      "version": "3.0.1",
      "resolved": "https://registry.npmjs.org/extend/-/extend-3.0.1.tgz",
      "integrity": "sha1-p1Xqe8Gt/MWjHOfnYtuq3F5jZEQ="
    },
    "extsprintf": {
      "version": "1.0.2",
      "resolved": "https://registry.npmjs.org/extsprintf/-/extsprintf-1.0.2.tgz",
      "integrity": "sha1-4QgOBljjALBilJkMxw4VAiNf1VA="
    },
    "file-type": {
      "version": "3.9.0",
      "resolved": "https://registry.npmjs.org/file-type/-/file-type-3.9.0.tgz",
      "integrity": "sha1-JXoHg4TR24CHvESdEH1SpSZyuek="
    },
    "foreach": {
      "version": "2.0.5",
      "resolved": "https://registry.npmjs.org/foreach/-/foreach-2.0.5.tgz",
      "integrity": "sha1-C+4AUBiusmDQo6865ljdATbsG5k="
    },
    "forever-agent": {
      "version": "0.6.1",
      "resolved": "https://registry.npmjs.org/forever-agent/-/forever-agent-0.6.1.tgz",
      "integrity": "sha1-+8cfDEGt6zf5bFd60e1C2P2sypE="
    },
    "form-data": {
      "version": "2.1.4",
      "resolved": "https://registry.npmjs.org/form-data/-/form-data-2.1.4.tgz",
      "integrity": "sha1-M8GDrPGTJ27KqYFDpp6Uv+4XUNE="
    },
    "function-bind": {
      "version": "1.1.0",
      "resolved": "https://registry.npmjs.org/function-bind/-/function-bind-1.1.0.tgz",
      "integrity": "sha1-FhdnFMgBeY5Ojyz391KUZ7tKV3E="
    },
    "gate-executor": {
      "version": "https://registry.npmjs.org/gate-executor/-/gate-executor-1.1.1.tgz",
      "integrity": "sha1-Zn9ncoSg2+hrbEigtK/oxISBLK8="
    },
    "generic-pool": {
      "version": "2.4.2",
      "resolved": "https://registry.npmjs.org/generic-pool/-/generic-pool-2.4.2.tgz",
      "integrity": "sha1-iGvFvwvrfblugby7oHiBjeWmJoM="
    },
    "getpass": {
      "version": "0.1.7",
      "resolved": "https://registry.npmjs.org/getpass/-/getpass-0.1.7.tgz",
      "integrity": "sha1-Xv+OPmhNVprkyysSgmBOi6YhSfo=",
      "dependencies": {
        "assert-plus": {
          "version": "1.0.0",
          "resolved": "https://registry.npmjs.org/assert-plus/-/assert-plus-1.0.0.tgz",
          "integrity": "sha1-8S4PPF13sLHN2RRpQuTpbB5N1SU="
        }
      }
    },
    "gex": {
      "version": "https://registry.npmjs.org/gex/-/gex-0.2.2.tgz",
      "integrity": "sha1-LUCdJDCVlwjaVc9WKUxk9tiXNIc=",
      "dependencies": {
        "lodash": {
          "version": "https://registry.npmjs.org/lodash/-/lodash-3.10.0.tgz",
          "integrity": "sha1-k9UcZygopEFqEq9XIguoqHN+L7s="
        }
      }
    },
    "har-schema": {
      "version": "1.0.5",
      "resolved": "https://registry.npmjs.org/har-schema/-/har-schema-1.0.5.tgz",
      "integrity": "sha1-0mMTX0MwfALGAq/I/pWXDAFRNp4="
    },
    "har-validator": {
      "version": "4.2.1",
      "resolved": "https://registry.npmjs.org/har-validator/-/har-validator-4.2.1.tgz",
      "integrity": "sha1-M0gdDxu/9gDdID11gSpqX7oALio="
    },
    "has": {
      "version": "1.0.1",
      "resolved": "https://registry.npmjs.org/has/-/has-1.0.1.tgz",
      "integrity": "sha1-hGFzP1OLCDfJNh45qauelwTcLyg="
    },
    "has-binary2": {
      "version": "1.0.2",
      "resolved": "https://registry.npmjs.org/has-binary2/-/has-binary2-1.0.2.tgz",
      "integrity": "sha1-6D26SfC5vk0CbSc2U1DZ8D9Uvpg=",
      "dependencies": {
        "isarray": {
          "version": "2.0.1",
          "resolved": "https://registry.npmjs.org/isarray/-/isarray-2.0.1.tgz",
          "integrity": "sha1-o32U7ZzaLVmGXJ92/llu4fM4dB4="
        }
      }
    },
    "has-cors": {
      "version": "1.1.0",
      "resolved": "https://registry.npmjs.org/has-cors/-/has-cors-1.1.0.tgz",
      "integrity": "sha1-XkdHk/fqmEPRu5nCPu9J/xJv/zk="
    },
    "hawk": {
      "version": "3.1.3",
      "resolved": "https://registry.npmjs.org/hawk/-/hawk-3.1.3.tgz",
      "integrity": "sha1-B4REvXwWQLD+VA0sm3PVlnjo4cQ=",
      "dependencies": {
        "boom": {
          "version": "2.10.1",
          "resolved": "https://registry.npmjs.org/boom/-/boom-2.10.1.tgz",
          "integrity": "sha1-OciRjO/1eZ+D+UkqhI9iWt0Mdm8="
        },
        "hoek": {
          "version": "2.16.3",
          "resolved": "https://registry.npmjs.org/hoek/-/hoek-2.16.3.tgz",
          "integrity": "sha1-ILt0A9POo5jpHcRxCo/xuCdKJe0="
        }
      }
    },
    "hoek": {
      "version": "https://registry.npmjs.org/hoek/-/hoek-4.1.1.tgz",
      "integrity": "sha1-nMVz/7ore0CPtenCoTeWvpTN3Ok="
    },
    "http-signature": {
      "version": "1.1.1",
      "resolved": "https://registry.npmjs.org/http-signature/-/http-signature-1.1.1.tgz",
      "integrity": "sha1-33LiZwZs0Kxn+3at+OE0qPvPkb8="
    },
    "indexof": {
      "version": "0.0.1",
      "resolved": "https://registry.npmjs.org/indexof/-/indexof-0.0.1.tgz",
      "integrity": "sha1-gtwzbSMrkGIXnQWrMpOmYFn9Q10="
    },
    "inherits": {
      "version": "https://registry.npmjs.org/inherits/-/inherits-2.0.3.tgz",
      "integrity": "sha1-Yzwsg+PaQqUC9SRmAiSA9CCCYd4="
    },
    "is-callable": {
      "version": "1.1.3",
      "resolved": "https://registry.npmjs.org/is-callable/-/is-callable-1.1.3.tgz",
      "integrity": "sha1-hut1OSgF3cM69xySoO7fdO52BLI="
    },
    "is-date-object": {
      "version": "1.0.1",
      "resolved": "https://registry.npmjs.org/is-date-object/-/is-date-object-1.0.1.tgz",
      "integrity": "sha1-mqIOtq7rv/d/vTPnTKAbM1gdOhY="
    },
    "is-regex": {
      "version": "1.0.4",
      "resolved": "https://registry.npmjs.org/is-regex/-/is-regex-1.0.4.tgz",
      "integrity": "sha1-VRdIm1RwkbCTDglWVM7SXul+lJE="
    },
    "is-symbol": {
      "version": "1.0.1",
      "resolved": "https://registry.npmjs.org/is-symbol/-/is-symbol-1.0.1.tgz",
      "integrity": "sha1-PMWfAAJRlLarLjjbrmaJJWtmBXI="
    },
    "is-typedarray": {
      "version": "1.0.0",
      "resolved": "https://registry.npmjs.org/is-typedarray/-/is-typedarray-1.0.0.tgz",
      "integrity": "sha1-5HnICFjfDBsR3dppQPlgEfzaSpo="
    },
    "isarray": {
      "version": "https://registry.npmjs.org/isarray/-/isarray-0.0.1.tgz",
      "integrity": "sha1-ihis/Kmo9Bd+Cav8YDiTmwXR7t8="
    },
    "isstream": {
      "version": "0.1.2",
      "resolved": "https://registry.npmjs.org/isstream/-/isstream-0.1.2.tgz",
      "integrity": "sha1-R+Y/evVa+m+S4VAOaQ64uFKcCZo="
    },
    "jsbn": {
      "version": "0.1.1",
      "resolved": "https://registry.npmjs.org/jsbn/-/jsbn-0.1.1.tgz",
      "integrity": "sha1-peZUwuWi3rXyAdls77yoDA7y9RM=",
      "optional": true
    },
    "json-schema": {
      "version": "0.2.3",
      "resolved": "https://registry.npmjs.org/json-schema/-/json-schema-0.2.3.tgz",
      "integrity": "sha1-tIDIkuWaLwWVTOcnvT8qTogvnhM="
    },
    "json-stable-stringify": {
      "version": "1.0.1",
      "resolved": "https://registry.npmjs.org/json-stable-stringify/-/json-stable-stringify-1.0.1.tgz",
      "integrity": "sha1-mnWdOcXy/1A/1TAGRu1EX4jE+a8="
    },
    "json-stringify-safe": {
      "version": "https://registry.npmjs.org/json-stringify-safe/-/json-stringify-safe-5.0.1.tgz",
      "integrity": "sha1-Epai1Y/UXxmg9s4B1lcB4sc1tus="
    },
    "jsonic": {
      "version": "https://registry.npmjs.org/jsonic/-/jsonic-0.2.2.tgz",
      "integrity": "sha1-Enu5nfTYIWUsSKI9AlzysW5hhJE="
    },
    "jsonify": {
      "version": "0.0.0",
      "resolved": "https://registry.npmjs.org/jsonify/-/jsonify-0.0.0.tgz",
      "integrity": "sha1-LHS27kHZPKUbe1qu6PUDYx0lKnM="
    },
    "jsprim": {
      "version": "1.4.0",
      "resolved": "https://registry.npmjs.org/jsprim/-/jsprim-1.4.0.tgz",
      "integrity": "sha1-o7h+QCmNjDgFUtjMdiigu5WiKRg=",
      "dependencies": {
        "assert-plus": {
          "version": "1.0.0",
          "resolved": "https://registry.npmjs.org/assert-plus/-/assert-plus-1.0.0.tgz",
          "integrity": "sha1-8S4PPF13sLHN2RRpQuTpbB5N1SU="
        }
      }
    },
    "lodash": {
      "version": "https://registry.npmjs.org/lodash/-/lodash-4.15.0.tgz",
      "integrity": "sha1-MWI5HY8BQKoiz49rPDTWt/Y9Oqk="
    },
    "lru-cache": {
      "version": "https://registry.npmjs.org/lru-cache/-/lru-cache-4.0.1.tgz",
      "integrity": "sha1-E0OVXtry432bnn7nJB4nxLn7cr4="
    },
    "mime": {
      "version": "1.3.6",
      "resolved": "https://registry.npmjs.org/mime/-/mime-1.3.6.tgz",
      "integrity": "sha1-WR2E02U6awtKO5343lqoEI5y5eA="
    },
    "mime-db": {
      "version": "1.27.0",
      "resolved": "https://registry.npmjs.org/mime-db/-/mime-db-1.27.0.tgz",
      "integrity": "sha1-gg9XIpa70g7CXtVeW13oaeVDbrE="
    },
    "mime-types": {
      "version": "2.1.15",
      "resolved": "https://registry.npmjs.org/mime-types/-/mime-types-2.1.15.tgz",
      "integrity": "sha1-pOv1BkCUVpI3uM9wBGd20J/JKu0="
    },
    "minimist": {
      "version": "https://registry.npmjs.org/minimist/-/minimist-1.2.0.tgz",
      "integrity": "sha1-o1AIsg9BOD7sH7kU9M1d95omQoQ="
    },
    "ms": {
      "version": "2.0.0",
      "resolved": "https://registry.npmjs.org/ms/-/ms-2.0.0.tgz",
      "integrity": "sha1-VgiurfwAvmwpAd9fmGF4jeDVl8g="
    },
    "ndjson": {
      "version": "https://registry.npmjs.org/ndjson/-/ndjson-1.4.3.tgz",
      "integrity": "sha1-eqAm/jqzin2horStB7EAjnM+sjk="
    },
    "nid": {
      "version": "https://registry.npmjs.org/nid/-/nid-0.3.2.tgz",
      "integrity": "sha1-l3qTGO1cKjjt1mJj8+r9gUPyJRo="
    },
    "node-telegram-bot-api": {
      "version": "0.27.1",
      "resolved": "https://registry.npmjs.org/node-telegram-bot-api/-/node-telegram-bot-api-0.27.1.tgz",
      "integrity": "sha1-s5zwKJqbriv4QIY0hzZzr6ZxyTo="
    },
    "node-uuid": {
      "version": "1.4.7",
      "resolved": "https://registry.npmjs.org/node-uuid/-/node-uuid-1.4.7.tgz",
      "integrity": "sha1-baWhdmjEs91ZYjvaEc9/pMH2Cm8="
    },
    "norma": {
      "version": "https://registry.npmjs.org/norma/-/norma-0.3.0.tgz",
      "integrity": "sha1-JyZcNBEBjDLJPucZ9pLPkN7Fq2Q=",
      "dependencies": {
        "lodash": {
          "version": "https://registry.npmjs.org/lodash/-/lodash-2.4.2.tgz",
          "integrity": "sha1-+t2DS5aDBz2hebPq5tnA0VBT9z4="
        }
      }
    },
    "oauth-sign": {
      "version": "0.8.2",
      "resolved": "https://registry.npmjs.org/oauth-sign/-/oauth-sign-0.8.2.tgz",
      "integrity": "sha1-Rqarfwrq2N6unsBWV4C31O/rnUM="
    },
    "object-component": {
      "version": "0.0.3",
      "resolved": "https://registry.npmjs.org/object-component/-/object-component-0.0.3.tgz",
      "integrity": "sha1-8MaapQ78lbhmwYb0AKM3acsvEpE="
    },
    "object-keys": {
      "version": "1.0.11",
      "resolved": "https://registry.npmjs.org/object-keys/-/object-keys-1.0.11.tgz",
      "integrity": "sha1-xUYBd4rVYPEULODgG8yotW0TQm0="
    },
    "once": {
      "version": "1.4.0",
      "resolved": "https://registry.npmjs.org/once/-/once-1.4.0.tgz",
      "integrity": "sha1-WDsap3WWHUsROsF9nFC6753Xa9E="
    },
    "ordu": {
      "version": "https://registry.npmjs.org/ordu/-/ordu-0.1.1.tgz",
      "integrity": "sha1-nIEJSTaTyvCCmfyoTFlq64YLrqo="
    },
    "packet-reader": {
      "version": "0.2.0",
      "resolved": "https://registry.npmjs.org/packet-reader/-/packet-reader-0.2.0.tgz",
      "integrity": "sha1-gZ300BC4LV6lZx+KGjrPA5vNdwA="
    },
    "parsejson": {
      "version": "0.0.3",
      "resolved": "https://registry.npmjs.org/parsejson/-/parsejson-0.0.3.tgz",
      "integrity": "sha1-q343WfIJ7OmUN5c/fQ8fZK4OZKs="
    },
    "parseqs": {
      "version": "0.0.5",
      "resolved": "https://registry.npmjs.org/parseqs/-/parseqs-0.0.5.tgz",
      "integrity": "sha1-1SCKNzjkZ2bikbouoXNoSSGouJ0="
    },
    "parseuri": {
      "version": "0.0.5",
      "resolved": "https://registry.npmjs.org/parseuri/-/parseuri-0.0.5.tgz",
      "integrity": "sha1-gCBKUNTbt3m/3G6+J3jZDkvOMgo="
    },
    "patrun": {
      "version": "https://registry.npmjs.org/patrun/-/patrun-0.5.1.tgz",
      "integrity": "sha1-W/83V/Tz/SvftqBNJ5QsvsPhLxw="
    },
    "performance-now": {
      "version": "0.2.0",
      "resolved": "https://registry.npmjs.org/performance-now/-/performance-now-0.2.0.tgz",
      "integrity": "sha1-M+8wxcd9TqIcWlOGnZG1bY8lVeU="
    },
    "pg": {
      "version": "5.1.0",
      "resolved": "https://registry.npmjs.org/pg/-/pg-5.1.0.tgz",
      "integrity": "sha1-BzubNnY62KVHjbuF7/70XnObqdg=",
      "dependencies": {
        "semver": {
          "version": "4.3.2",
          "resolved": "https://registry.npmjs.org/semver/-/semver-4.3.2.tgz",
          "integrity": "sha1-x6BxWKgL7dBSNVt3DYLWZA+AO+c="
        }
      }
    },
    "pg-connection-string": {
      "version": "0.1.3",
      "resolved": "https://registry.npmjs.org/pg-connection-string/-/pg-connection-string-0.1.3.tgz",
      "integrity": "sha1-2hhHsglA5C7hSSvq9l1J2RskXfc="
    },
    "pg-types": {
      "version": "1.12.0",
      "resolved": "https://registry.npmjs.org/pg-types/-/pg-types-1.12.0.tgz",
      "integrity": "sha1-itO3uJfj/UY+Yt4kGtX8ZAtKZvA="
    },
    "pgpass": {
      "version": "0.0.6",
      "resolved": "https://registry.npmjs.org/pgpass/-/pgpass-0.0.6.tgz",
      "integrity": "sha1-9idiANAXOdoe6mMTi9yjX/S9coA="
    },
    "postgres-array": {
      "version": "1.0.2",
      "resolved": "https://registry.npmjs.org/postgres-array/-/postgres-array-1.0.2.tgz",
      "integrity": "sha1-jgsy6wO/d6XAp4UeBEHBaaJWojg="
    },
    "postgres-bytea": {
      "version": "1.0.0",
      "resolved": "https://registry.npmjs.org/postgres-bytea/-/postgres-bytea-1.0.0.tgz",
      "integrity": "sha1-AntTPAqokOJtFy1Hz5zOzFIazTU="
    },
    "postgres-date": {
      "version": "1.0.3",
      "resolved": "https://registry.npmjs.org/postgres-date/-/postgres-date-1.0.3.tgz",
      "integrity": "sha1-4tiXAu/bJY/52c7g/pG9BpdSV6g="
    },
    "postgres-interval": {
      "version": "1.1.0",
      "resolved": "https://registry.npmjs.org/postgres-interval/-/postgres-interval-1.1.0.tgz",
      "integrity": "sha1-EDHnusNFZBMoYq3J62xtLzqnW7Q="
    },
    "precond": {
      "version": "https://registry.npmjs.org/precond/-/precond-0.2.3.tgz",
      "integrity": "sha1-qpWRvKokkj8eD0hJ0kD0fvwQdaw="
    },
    "pseudomap": {
      "version": "https://registry.npmjs.org/pseudomap/-/pseudomap-1.0.2.tgz",
      "integrity": "sha1-8FKijacOYYkX7wqKw0wa5aaChrM="
    },
    "pump": {
      "version": "1.0.2",
      "resolved": "https://registry.npmjs.org/pump/-/pump-1.0.2.tgz",
      "integrity": "sha1-Oz7mUS+U8OV1U4wXmV+fFpkKXVE="
    },
    "punycode": {
      "version": "1.4.1",
      "resolved": "https://registry.npmjs.org/punycode/-/punycode-1.4.1.tgz",
      "integrity": "sha1-wNWmOycYgArY4esPpSachN1BhF4="
    },
    "qs": {
      "version": "https://registry.npmjs.org/qs/-/qs-6.2.1.tgz",
      "integrity": "sha1-zgPF/wk1vB2daanxTL0Y5WjWdiU="
    },
    "readable-stream": {
      "version": "https://registry.npmjs.org/readable-stream/-/readable-stream-1.0.34.tgz",
      "integrity": "sha1-Elgg40vIQtLyqq+v5MKRbuMsFXw="
    },
    "reconnect-core": {
      "version": "https://registry.npmjs.org/reconnect-core/-/reconnect-core-1.3.0.tgz",
      "integrity": "sha1-+65SkZp4d9hE4yRtAaLyZwHIM8g="
    },
    "request": {
      "version": "2.81.0",
      "resolved": "https://registry.npmjs.org/request/-/request-2.81.0.tgz",
      "integrity": "sha1-xpKJRqDgbF+Nb4qTM0af/aRimKA=",
      "dependencies": {
        "qs": {
          "version": "6.4.0",
          "resolved": "https://registry.npmjs.org/qs/-/qs-6.4.0.tgz",
          "integrity": "sha1-E+JtKK1rD/qpExLNO/cI7TUecjM="
        },
        "uuid": {
          "version": "3.1.0",
          "resolved": "https://registry.npmjs.org/uuid/-/uuid-3.1.0.tgz",
          "integrity": "sha512-DIWtzUkw04M4k3bf1IcpS2tngXEL26YUD2M0tMDUpnUrz2hgzUBlD55a4FjdLGPvfHxS6uluGWvaVEqgBcVa+g=="
        }
      }
    },
    "request-promise": {
      "version": "4.2.1",
      "resolved": "https://registry.npmjs.org/request-promise/-/request-promise-4.2.1.tgz",
      "integrity": "sha1-fuxWyJMXqCLL/qmbA5zlQ8LhX2c="
    },
    "request-promise-core": {
      "version": "1.1.1",
      "resolved": "https://registry.npmjs.org/request-promise-core/-/request-promise-core-1.1.1.tgz",
      "integrity": "sha1-Pu4AssWqgyOc+wTFcA2jb4HNCLY="
    },
    "rolling-stats": {
      "version": "https://registry.npmjs.org/rolling-stats/-/rolling-stats-0.1.1.tgz",
      "integrity": "sha1-zVr3dKiJOzCmdIMvovSrqkeM/IA="
    },
    "safe-buffer": {
      "version": "5.0.1",
      "resolved": "https://registry.npmjs.org/safe-buffer/-/safe-buffer-5.0.1.tgz",
      "integrity": "sha1-0mPKVGls2KMGtcplUekt5XkY++c="
    },
    "semver": {
      "version": "https://registry.npmjs.org/semver/-/semver-5.3.0.tgz",
      "integrity": "sha1-myzl094C0XxgEq0yaqa00M9U+U8="
    },
    "seneca": {
      "version": "https://registry.npmjs.org/seneca/-/seneca-3.3.0.tgz",
      "integrity": "sha1-uMB1dfoHQoTiQH1wLd81ww+hmbw="
    },
    "seneca-entity": {
      "version": "2.0.2",
      "resolved": "https://registry.npmjs.org/seneca-entity/-/seneca-entity-2.0.2.tgz",
      "integrity": "sha1-Ag6nwzdN0J/mXYjSDRsMj59IO5g=",
      "dependencies": {
        "jsonic": {
          "version": "0.3.0",
          "resolved": "https://registry.npmjs.org/jsonic/-/jsonic-0.3.0.tgz",
          "integrity": "sha1-tUXalfVDkuWLPdoF9fLjd6bJ0b8="
        },
        "lodash": {
          "version": "4.17.4",
          "resolved": "https://registry.npmjs.org/lodash/-/lodash-4.17.4.tgz",
          "integrity": "sha1-eCA6TRwyiuHYbcpkYONptX9AVa4="
        }
      }
    },
    "seneca-log-filter": {
      "version": "https://registry.npmjs.org/seneca-log-filter/-/seneca-log-filter-0.1.0.tgz",
      "integrity": "sha1-9RPed9/cwSACP4R6fGDO7Qr8ZrM="
    },
    "seneca-mem-store": {
      "version": "1.0.0",
      "resolved": "https://registry.npmjs.org/seneca-mem-store/-/seneca-mem-store-1.0.0.tgz",
      "integrity": "sha1-w5hevWApkzs7SuuRwz72/mvFO4k="
    },
    "seneca-postgres-store": {
      "version": "2.3.0",
      "resolved": "https://registry.npmjs.org/seneca-postgres-store/-/seneca-postgres-store-2.3.0.tgz",
      "integrity": "sha1-RDVTSX9SLTjx+eQH+o1mvtpXHEE="
    },
    "seneca-standard-query": {
      "version": "0.0.5",
      "resolved": "https://registry.npmjs.org/seneca-standard-query/-/seneca-standard-query-0.0.5.tgz",
      "integrity": "sha1-2y76ZzqOT8xeZfpV3YcQeHnD1RU=",
      "dependencies": {
        "lodash": {
          "version": "3.10.1",
          "resolved": "https://registry.npmjs.org/lodash/-/lodash-3.10.1.tgz",
          "integrity": "sha1-W/Rejkm6QYnhfUgnid/RW9FAt7Y="
        }
      }
    },
    "seneca-transport": {
      "version": "https://registry.npmjs.org/seneca-transport/-/seneca-transport-2.1.0.tgz",
      "integrity": "sha1-BmdZOPPG8gvxtvtLVIB+yYRrPsc=",
      "dependencies": {
        "patrun": {
          "version": "https://registry.npmjs.org/patrun/-/patrun-0.5.0.tgz",
          "integrity": "sha1-d6UfdzrEkxuzU/1B1Z3mR4/GEY0=",
          "dependencies": {
            "lodash": {
              "version": "https://registry.npmjs.org/lodash/-/lodash-3.10.0.tgz",
              "integrity": "sha1-k9UcZygopEFqEq9XIguoqHN+L7s="
            }
          }
        }
      }
    },
    "sntp": {
      "version": "1.0.9",
      "resolved": "https://registry.npmjs.org/sntp/-/sntp-1.0.9.tgz",
      "integrity": "sha1-ZUEYTMkK7qbG57NeJlkIJEPGYZg=",
      "dependencies": {
        "hoek": {
          "version": "2.16.3",
          "resolved": "https://registry.npmjs.org/hoek/-/hoek-2.16.3.tgz",
          "integrity": "sha1-ILt0A9POo5jpHcRxCo/xuCdKJe0="
        }
      }
    },
    "socket.io-client": {
      "version": "2.0.3",
      "resolved": "https://registry.npmjs.org/socket.io-client/-/socket.io-client-2.0.3.tgz",
      "integrity": "sha1-bK9K/5+FsZ/ZG2zhPWmttWT4hzs="
    },
    "socket.io-parser": {
      "version": "3.1.2",
      "resolved": "https://registry.npmjs.org/socket.io-parser/-/socket.io-parser-3.1.2.tgz",
      "integrity": "sha1-28IoIVH8T6675Aru3Ady66YZ9/I=",
      "dependencies": {
        "isarray": {
          "version": "2.0.1",
          "resolved": "https://registry.npmjs.org/isarray/-/isarray-2.0.1.tgz",
          "integrity": "sha1-o32U7ZzaLVmGXJ92/llu4fM4dB4="
        }
      }
    },
    "split": {
      "version": "1.0.0",
      "resolved": "https://registry.npmjs.org/split/-/split-1.0.0.tgz",
      "integrity": "sha1-xDlc5oOrzSVLwo/h2rtuXCfc/64="
    },
    "split2": {
      "version": "https://registry.npmjs.org/split2/-/split2-0.2.1.tgz",
      "integrity": "sha1-At2smtwD7Au3jBKC7Aecpuha6QA="
    },
    "sshpk": {
      "version": "1.13.1",
      "resolved": "https://registry.npmjs.org/sshpk/-/sshpk-1.13.1.tgz",
      "integrity": "sha1-US322mKHFEMW3EwY/hzx2UBzm+M=",
      "dependencies": {
        "assert-plus": {
          "version": "1.0.0",
          "resolved": "https://registry.npmjs.org/assert-plus/-/assert-plus-1.0.0.tgz",
          "integrity": "sha1-8S4PPF13sLHN2RRpQuTpbB5N1SU="
        }
      }
    },
    "stealthy-require": {
      "version": "1.1.1",
      "resolved": "https://registry.npmjs.org/stealthy-require/-/stealthy-require-1.1.1.tgz",
      "integrity": "sha1-NbCYdbT/SfJqd35QmzCQoyJr8ks="
    },
    "string_decoder": {
      "version": "https://registry.npmjs.org/string_decoder/-/string_decoder-0.10.31.tgz",
      "integrity": "sha1-YuIDvEF2bGwoyfyEMB2rHFMQ+pQ="
    },
    "stringstream": {
      "version": "0.0.5",
      "resolved": "https://registry.npmjs.org/stringstream/-/stringstream-0.0.5.tgz",
      "integrity": "sha1-TkhM1N5aC7vuGORjB3EKioFiGHg="
    },
    "through": {
      "version": "2.3.8",
      "resolved": "https://registry.npmjs.org/through/-/through-2.3.8.tgz",
      "integrity": "sha1-DdTJ/6q8NXlgsbckEV1+Doai4fU="
    },
    "through2": {
      "version": "https://registry.npmjs.org/through2/-/through2-0.6.5.tgz",
      "integrity": "sha1-QaucZ7KdVyCQcUEOHXp6lozTrUg="
    },
    "to-array": {
      "version": "0.1.4",
      "resolved": "https://registry.npmjs.org/to-array/-/to-array-0.1.4.tgz",
      "integrity": "sha1-F+bBH3PdTz10zaek/zI46a2b+JA="
    },
    "tough-cookie": {
      "version": "2.3.2",
      "resolved": "https://registry.npmjs.org/tough-cookie/-/tough-cookie-2.3.2.tgz",
      "integrity": "sha1-8IH3bkyFcg5sN6X6ztc3FQ2EByo="
    },
    "tunnel-agent": {
      "version": "0.6.0",
      "resolved": "https://registry.npmjs.org/tunnel-agent/-/tunnel-agent-0.6.0.tgz",
      "integrity": "sha1-J6XeoGs2sEoKmWZ3SykIaPD8QP0="
    },
    "tweetnacl": {
      "version": "0.14.5",
      "resolved": "https://registry.npmjs.org/tweetnacl/-/tweetnacl-0.14.5.tgz",
      "integrity": "sha1-WuaBd/GS1EViadEIr6k/+HQ/T2Q=",
      "optional": true
    },
    "ultron": {
      "version": "1.1.0",
      "resolved": "https://registry.npmjs.org/ultron/-/ultron-1.1.0.tgz",
      "integrity": "sha1-sHoualQagV/Go0zNRTO67DB8qGQ="
    },
    "use-plugin": {
      "version": "https://registry.npmjs.org/use-plugin/-/use-plugin-0.3.2.tgz",
      "integrity": "sha1-Afi4cvJMzepP15WPBX9NVb8f3/Q="
    },
    "verror": {
      "version": "1.3.6",
      "resolved": "https://registry.npmjs.org/verror/-/verror-1.3.6.tgz",
      "integrity": "sha1-z/XfEpRtKX0rqu+qJoniW+AcAFw="
    },
    "wrappy": {
      "version": "1.0.2",
      "resolved": "https://registry.npmjs.org/wrappy/-/wrappy-1.0.2.tgz",
      "integrity": "sha1-tSQ9jz7BqjXxNkYFvA0QNuMKtp8="
    },
    "wreck": {
      "version": "https://registry.npmjs.org/wreck/-/wreck-9.0.0.tgz",
      "integrity": "sha1-HeY9SbsHuU/nGIZLi+YxduYzMew="
    },
    "ws": {
      "version": "2.3.1",
      "resolved": "https://registry.npmjs.org/ws/-/ws-2.3.1.tgz",
      "integrity": "sha1-a5Sz5EfLajY/eF6vlK9jWejoHIA="
    },
    "xmlhttprequest-ssl": {
      "version": "1.5.3",
      "resolved": "https://registry.npmjs.org/xmlhttprequest-ssl/-/xmlhttprequest-ssl-1.5.3.tgz",
      "integrity": "sha1-GFqIjATspGw+QHDZn3tJ3jUomS0="
    },
    "xtend": {
      "version": "https://registry.npmjs.org/xtend/-/xtend-4.0.1.tgz",
      "integrity": "sha1-pcbVMr5lbiPbgg77lDofBJmNY68="
    },
    "yallist": {
      "version": "https://registry.npmjs.org/yallist/-/yallist-2.1.2.tgz",
      "integrity": "sha1-HBH5IY8HYImkfdUS+TxmmaaoHVI="
    },
    "yeast": {
      "version": "0.1.2",
      "resolved": "https://registry.npmjs.org/yeast/-/yeast-0.1.2.tgz",
      "integrity": "sha1-AI4G2AlDIMNy28L47XagymyKxBk="
    }
  }
}
